
Microsoft Visual Studio Solution File, Format Version 12.00
# Visual Studio Version 16
VisualStudioVersion = 16.0.31624.102
MinimumVisualStudioVersion = 10.0.40219.1
Project("{FAE04EC0-301F-11D3-BF4B-00C04F79EFBC}") = "RectangleApp", "RectangleApp\RectangleApp.csproj", "{F126B058-2270-4587-8DED-F275F4F6AC15}"
EndProject
Project("{9A19103F-16F7-4668-BE54-9A1E7A4F7556}") = "RectangleTest", "RectangleTest\RectangleTest.csproj", "{AE010E8D-75B5-425E-ACDD-2833A98DDD28}"
EndProject
Project("{FAE04EC0-301F-11D3-BF4B-00C04F79EFBC}") = "StringFormatter", "StringFormatter\StringFormatter.csproj", "{AB454FEE-6475-4342-B3B5-863D1531561E}"
EndProject
Project("{9A19103F-16F7-4668-BE54-9A1E7A4F7556}") = "StringFormatterTest", "StringFormatterTest\StringFormatterTest.csproj", "{553BD0FF-3BE6-4CD5-A551-8EAD15239478}"
EndProject
Project("{FAE04EC0-301F-11D3-BF4B-00C04F79EFBC}") = "ArrayTest", "ArrayTest\ArrayTest.csproj", "{C95907CC-C641-40AC-BE80-0F496AA6EC64}"
EndProject
Project("{FAE04EC0-301F-11D3-BF4B-00C04F79EFBC}") = "Array", "Array\Array.csproj", "{CAA0E133-F55C-4D84-81C1-B1B2601AED4B}"
EndProject
Global
	GlobalSection(SolutionConfigurationPlatforms) = preSolution
		Debug|Any CPU = Debug|Any CPU
		Release|Any CPU = Release|Any CPU
	EndGlobalSection
	GlobalSection(ProjectConfigurationPlatforms) = postSolution
		{F126B058-2270-4587-8DED-F275F4F6AC15}.Debug|Any CPU.ActiveCfg = Debug|Any CPU
		{F126B058-2270-4587-8DED-F275F4F6AC15}.Debug|Any CPU.Build.0 = Debug|Any CPU
		{F126B058-2270-4587-8DED-F275F4F6AC15}.Release|Any CPU.ActiveCfg = Release|Any CPU
		{F126B058-2270-4587-8DED-F275F4F6AC15}.Release|Any CPU.Build.0 = Release|Any CPU
		{AE010E8D-75B5-425E-ACDD-2833A98DDD28}.Debug|Any CPU.ActiveCfg = Debug|Any CPU
		{AE010E8D-75B5-425E-ACDD-2833A98DDD28}.Debug|Any CPU.Build.0 = Debug|Any CPU
		{AE010E8D-75B5-425E-ACDD-2833A98DDD28}.Release|Any CPU.ActiveCfg = Release|Any CPU
		{AE010E8D-75B5-425E-ACDD-2833A98DDD28}.Release|Any CPU.Build.0 = Release|Any CPU
		{AB454FEE-6475-4342-B3B5-863D1531561E}.Debug|Any CPU.ActiveCfg = Debug|Any CPU
		{AB454FEE-6475-4342-B3B5-863D1531561E}.Debug|Any CPU.Build.0 = Debug|Any CPU
		{AB454FEE-6475-4342-B3B5-863D1531561E}.Release|Any CPU.ActiveCfg = Release|Any CPU
		{AB454FEE-6475-4342-B3B5-863D1531561E}.Release|Any CPU.Build.0 = Release|Any CPU
		{553BD0FF-3BE6-4CD5-A551-8EAD15239478}.Debug|Any CPU.ActiveCfg = Debug|Any CPU
		{553BD0FF-3BE6-4CD5-A551-8EAD15239478}.Debug|Any CPU.Build.0 = Debug|Any CPU
		{553BD0FF-3BE6-4CD5-A551-8EAD15239478}.Release|Any CPU.ActiveCfg = Release|Any CPU
		{553BD0FF-3BE6-4CD5-A551-8EAD15239478}.Release|Any CPU.Build.0 = Release|Any CPU
		{C95907CC-C641-40AC-BE80-0F496AA6EC64}.Debug|Any CPU.ActiveCfg = Debug|Any CPU
		{C95907CC-C641-40AC-BE80-0F496AA6EC64}.Debug|Any CPU.Build.0 = Debug|Any CPU
		{C95907CC-C641-40AC-BE80-0F496AA6EC64}.Release|Any CPU.ActiveCfg = Release|Any CPU
		{C95907CC-C641-40AC-BE80-0F496AA6EC64}.Release|Any CPU.Build.0 = Release|Any CPU
		{CAA0E133-F55C-4D84-81C1-B1B2601AED4B}.Debug|Any CPU.ActiveCfg = Debug|Any CPU
		{CAA0E133-F55C-4D84-81C1-B1B2601AED4B}.Debug|Any CPU.Build.0 = Debug|Any CPU
		{CAA0E133-F55C-4D84-81C1-B1B2601AED4B}.Release|Any CPU.ActiveCfg = Release|Any CPU
		{CAA0E133-F55C-4D84-81C1-B1B2601AED4B}.Release|Any CPU.Build.0 = Release|Any CPU
	EndGlobalSection
	GlobalSection(SolutionProperties) = preSolution
		HideSolutionNode = FALSE
	EndGlobalSection
	GlobalSection(ExtensibilityGlobals) = postSolution
		SolutionGuid = {24E38C48-65E5-44F4-BE2A-63BD13351325}
	EndGlobalSection
EndGlobal
